
Microsoft Visual Studio Solution File, Format Version 12.00
# Visual Studio 14
VisualStudioVersion = 14.0.25420.1
MinimumVisualStudioVersion = 10.0.40219.1
Project("{E24C65DC-7377-472B-9ABA-BC803B73C61A}") = "SHOW", "..\..\..\..\Escritorio\SHOW", "{06874E56-7E84-4089-A729-950B67C57312}"
	ProjectSection(WebsiteProperties) = preProject
		TargetFrameworkMoniker = ".NETFramework,Version%3Dv4.5.2"
		Debug.AspNetCompiler.VirtualPath = "/localhost_61145"
		Debug.AspNetCompiler.PhysicalPath = "..\..\..\..\Escritorio\SHOW\"
		Debug.AspNetCompiler.TargetPath = "PrecompiledWeb\localhost_61145\"
		Debug.AspNetCompiler.Updateable = "true"
		Debug.AspNetCompiler.ForceOverwrite = "true"
		Debug.AspNetCompiler.FixedNames = "false"
		Debug.AspNetCompiler.Debug = "True"
		Release.AspNetCompiler.VirtualPath = "/localhost_61145"
		Release.AspNetCompiler.PhysicalPath = "..\..\..\..\Escritorio\SHOW\"
		Release.AspNetCompiler.TargetPath = "PrecompiledWeb\localhost_61145\"
		Release.AspNetCompiler.Updateable = "true"
		Release.AspNetCompiler.ForceOverwrite = "true"
		Release.AspNetCompiler.FixedNames = "false"
		Release.AspNetCompiler.Debug = "False"
		VWDPort = "61145"
	EndProjectSection
EndProject
Global
	GlobalSection(SolutionConfigurationPlatforms) = preSolution
		Debug|Any CPU = Debug|Any CPU
	EndGlobalSection
	GlobalSection(ProjectConfigurationPlatforms) = postSolution
		{06874E56-7E84-4089-A729-950B67C57312}.Debug|Any CPU.ActiveCfg = Debug|Any CPU
		{06874E56-7E84-4089-A729-950B67C57312}.Debug|Any CPU.Build.0 = Debug|Any CPU
	EndGlobalSection
	GlobalSection(SolutionProperties) = preSolution
		HideSolutionNode = FALSE
	EndGlobalSection
EndGlobal
